
Microsoft Visual Studio Solution File, Format Version 12.00
# Visual Studio Version 17
VisualStudioVersion = 17.12.35506.116
MinimumVisualStudioVersion = 10.0.40219.1
Project("{FAE04EC0-301F-11D3-BF4B-00C04F79EFBC}") = "testProgram", "testTask\testProgram.csproj", "{DFD717DF-F6A0-4422-9646-6512187CB2C8}"
EndProject
Project("{FAE04EC0-301F-11D3-BF4B-00C04F79EFBC}") = "Logger", "ClassLibrary1\Logger.csproj", "{96A86F46-9DA6-4AB8-928B-5D878FE06A6D}"
EndProject
Global
	GlobalSection(SolutionConfigurationPlatforms) = preSolution
		Debug|Any CPU = Debug|Any CPU
		Release|Any CPU = Release|Any CPU
	EndGlobalSection
	GlobalSection(ProjectConfigurationPlatforms) = postSolution
		{DFD717DF-F6A0-4422-9646-6512187CB2C8}.Debug|Any CPU.ActiveCfg = Debug|Any CPU
		{DFD717DF-F6A0-4422-9646-6512187CB2C8}.Debug|Any CPU.Build.0 = Debug|Any CPU
		{DFD717DF-F6A0-4422-9646-6512187CB2C8}.Release|Any CPU.ActiveCfg = Release|Any CPU
		{DFD717DF-F6A0-4422-9646-6512187CB2C8}.Release|Any CPU.Build.0 = Release|Any CPU
		{96A86F46-9DA6-4AB8-928B-5D878FE06A6D}.Debug|Any CPU.ActiveCfg = Debug|Any CPU
		{96A86F46-9DA6-4AB8-928B-5D878FE06A6D}.Debug|Any CPU.Build.0 = Debug|Any CPU
		{96A86F46-9DA6-4AB8-928B-5D878FE06A6D}.Release|Any CPU.ActiveCfg = Release|Any CPU
		{96A86F46-9DA6-4AB8-928B-5D878FE06A6D}.Release|Any CPU.Build.0 = Release|Any CPU
	EndGlobalSection
	GlobalSection(SolutionProperties) = preSolution
		HideSolutionNode = FALSE
	EndGlobalSection
EndGlobal
